// !$*UTF8*$!
{
	archiveVersion = 1;
	classes = {
	};
	objectVersion = 56;
	objects = {

/* Begin PBXBuildFile section */
		A5048C0929D6A48F00F63E94 /* PlayerPosition.swift in Sources */ = {isa = PBXBuildFile; fileRef = A5048C0829D6A48F00F63E94 /* PlayerPosition.swift */; };
		A5048C0B29D6A5EF00F63E94 /* Team.swift in Sources */ = {isa = PBXBuildFile; fileRef = A5048C0A29D6A5EF00F63E94 /* Team.swift */; };
		A5048C0D29D6A76B00F63E94 /* BaseStats.swift in Sources */ = {isa = PBXBuildFile; fileRef = A5048C0C29D6A76B00F63E94 /* BaseStats.swift */; };
		A5048C0F29D6A78100F63E94 /* FielderStats.swift in Sources */ = {isa = PBXBuildFile; fileRef = A5048C0E29D6A78100F63E94 /* FielderStats.swift */; };
		A5048C1129D6A7D500F63E94 /* PitcherStats.swift in Sources */ = {isa = PBXBuildFile; fileRef = A5048C1029D6A7D500F63E94 /* PitcherStats.swift */; };
		A5048C1329D6A81D00F63E94 /* Stats.swift in Sources */ = {isa = PBXBuildFile; fileRef = A5048C1229D6A81D00F63E94 /* Stats.swift */; };
		A5048C1529D6A8FD00F63E94 /* Roster.swift in Sources */ = {isa = PBXBuildFile; fileRef = A5048C1429D6A8FD00F63E94 /* Roster.swift */; };
		A5048C1729D6A91500F63E94 /* Player.swift in Sources */ = {isa = PBXBuildFile; fileRef = A5048C1629D6A91500F63E94 /* Player.swift */; };
		A5048C1B29D6ACA000F63E94 /* topLevelView.swift in Sources */ = {isa = PBXBuildFile; fileRef = A5048C1A29D6ACA000F63E94 /* topLevelView.swift */; };
		A5048C1D29D6C16600F63E94 /* CenterView.swift in Sources */ = {isa = PBXBuildFile; fileRef = A5048C1C29D6C16600F63E94 /* CenterView.swift */; };
		A5048C2229D7A46100F63E94 /* PlayerSummaryView.swift in Sources */ = {isa = PBXBuildFile; fileRef = A5048C2129D7A46100F63E94 /* PlayerSummaryView.swift */; };
		A5048C2429D7A49E00F63E94 /* StatSummaryView.swift in Sources */ = {isa = PBXBuildFile; fileRef = A5048C2329D7A49E00F63E94 /* StatSummaryView.swift */; };
		A5048C2629D7A4CE00F63E94 /* PlayerInfoView.swift in Sources */ = {isa = PBXBuildFile; fileRef = A5048C2529D7A4CE00F63E94 /* PlayerInfoView.swift */; };
		A5048C2829D7A80400F63E94 /* TestStatView.swift in Sources */ = {isa = PBXBuildFile; fileRef = A5048C2729D7A80400F63E94 /* TestStatView.swift */; };
		A5048C2A29D7B24500F63E94 /* PitcherStatSummaryView.swift in Sources */ = {isa = PBXBuildFile; fileRef = A5048C2929D7B24500F63E94 /* PitcherStatSummaryView.swift */; };
		A5048C2C29D7B25300F63E94 /* HitterStatSummaryView.swift in Sources */ = {isa = PBXBuildFile; fileRef = A5048C2B29D7B25300F63E94 /* HitterStatSummaryView.swift */; };
		A5048C3129D7B8D100F63E94 /* MatchupView.swift in Sources */ = {isa = PBXBuildFile; fileRef = A5048C3029D7B8D100F63E94 /* MatchupView.swift */; };
		A51917F929D6892D00410DB3 /* Fantasy_Baseball_AssistantApp.swift in Sources */ = {isa = PBXBuildFile; fileRef = A51917F829D6892D00410DB3 /* Fantasy_Baseball_AssistantApp.swift */; };
		A51917FB29D6892D00410DB3 /* ContentView.swift in Sources */ = {isa = PBXBuildFile; fileRef = A51917FA29D6892D00410DB3 /* ContentView.swift */; };
		A51917FD29D6892E00410DB3 /* Assets.xcassets in Resources */ = {isa = PBXBuildFile; fileRef = A51917FC29D6892E00410DB3 /* Assets.xcassets */; };
		A519180029D6892E00410DB3 /* Preview Assets.xcassets in Resources */ = {isa = PBXBuildFile; fileRef = A51917FF29D6892E00410DB3 /* Preview Assets.xcassets */; };
		A519181529D6892E00410DB3 /* Fantasy_Baseball_AssistantUITests.swift in Sources */ = {isa = PBXBuildFile; fileRef = A519181429D6892E00410DB3 /* Fantasy_Baseball_AssistantUITests.swift */; };
		A519181729D6892E00410DB3 /* Fantasy_Baseball_AssistantUITestsLaunchTests.swift in Sources */ = {isa = PBXBuildFile; fileRef = A519181629D6892E00410DB3 /* Fantasy_Baseball_AssistantUITestsLaunchTests.swift */; };
		A51D633629DA9FCD002DE5B7 /* MainViewModel.swift in Sources */ = {isa = PBXBuildFile; fileRef = A51D633529DA9FCD002DE5B7 /* MainViewModel.swift */; };
		A51D633829DABE72002DE5B7 /* RosterView.swift in Sources */ = {isa = PBXBuildFile; fileRef = A51D633729DABE72002DE5B7 /* RosterView.swift */; };
		A5CF9FA229DB614A00432079 /* PlayerPosition.swift in Sources */ = {isa = PBXBuildFile; fileRef = A5048C0829D6A48F00F63E94 /* PlayerPosition.swift */; };
		A5CF9FA329DB614B00432079 /* PlayerPosition.swift in Sources */ = {isa = PBXBuildFile; fileRef = A5048C0829D6A48F00F63E94 /* PlayerPosition.swift */; };
		A5CF9FA429DB614E00432079 /* Team.swift in Sources */ = {isa = PBXBuildFile; fileRef = A5048C0A29D6A5EF00F63E94 /* Team.swift */; };
		A5CF9FA529DB614F00432079 /* Team.swift in Sources */ = {isa = PBXBuildFile; fileRef = A5048C0A29D6A5EF00F63E94 /* Team.swift */; };
		A5CF9FA629DB615200432079 /* BaseStats.swift in Sources */ = {isa = PBXBuildFile; fileRef = A5048C0C29D6A76B00F63E94 /* BaseStats.swift */; };
		A5CF9FA729DB615300432079 /* BaseStats.swift in Sources */ = {isa = PBXBuildFile; fileRef = A5048C0C29D6A76B00F63E94 /* BaseStats.swift */; };
		A5CF9FA829DB615600432079 /* FielderStats.swift in Sources */ = {isa = PBXBuildFile; fileRef = A5048C0E29D6A78100F63E94 /* FielderStats.swift */; };
		A5CF9FA929DB615700432079 /* FielderStats.swift in Sources */ = {isa = PBXBuildFile; fileRef = A5048C0E29D6A78100F63E94 /* FielderStats.swift */; };
		A5CF9FAA29DB615900432079 /* PitcherStats.swift in Sources */ = {isa = PBXBuildFile; fileRef = A5048C1029D6A7D500F63E94 /* PitcherStats.swift */; };
		A5CF9FAB29DB615A00432079 /* PitcherStats.swift in Sources */ = {isa = PBXBuildFile; fileRef = A5048C1029D6A7D500F63E94 /* PitcherStats.swift */; };
		A5CF9FAC29DB615D00432079 /* Stats.swift in Sources */ = {isa = PBXBuildFile; fileRef = A5048C1229D6A81D00F63E94 /* Stats.swift */; };
		A5CF9FAD29DB615D00432079 /* Stats.swift in Sources */ = {isa = PBXBuildFile; fileRef = A5048C1229D6A81D00F63E94 /* Stats.swift */; };
		A5CF9FAE29DB616000432079 /* Roster.swift in Sources */ = {isa = PBXBuildFile; fileRef = A5048C1429D6A8FD00F63E94 /* Roster.swift */; };
		A5CF9FAF29DB616100432079 /* Roster.swift in Sources */ = {isa = PBXBuildFile; fileRef = A5048C1429D6A8FD00F63E94 /* Roster.swift */; };
		A5CF9FB029DB616400432079 /* Player.swift in Sources */ = {isa = PBXBuildFile; fileRef = A5048C1629D6A91500F63E94 /* Player.swift */; };
		A5CF9FB129DB616400432079 /* Player.swift in Sources */ = {isa = PBXBuildFile; fileRef = A5048C1629D6A91500F63E94 /* Player.swift */; };
		A5CF9FB229DB61B600432079 /* PlayerInfoView.swift in Sources */ = {isa = PBXBuildFile; fileRef = A5048C2529D7A4CE00F63E94 /* PlayerInfoView.swift */; };
		A5CF9FB329DB61B900432079 /* PlayerSummaryView.swift in Sources */ = {isa = PBXBuildFile; fileRef = A5048C2129D7A46100F63E94 /* PlayerSummaryView.swift */; };
		A5CF9FB429DB61BC00432079 /* HitterStatSummaryView.swift in Sources */ = {isa = PBXBuildFile; fileRef = A5048C2B29D7B25300F63E94 /* HitterStatSummaryView.swift */; };
		A5CF9FB529DB61BF00432079 /* PitcherStatSummaryView.swift in Sources */ = {isa = PBXBuildFile; fileRef = A5048C2929D7B24500F63E94 /* PitcherStatSummaryView.swift */; };
		A5CF9FB629DB61C100432079 /* StatSummaryView.swift in Sources */ = {isa = PBXBuildFile; fileRef = A5048C2329D7A49E00F63E94 /* StatSummaryView.swift */; };
		A5CF9FB729DB61C400432079 /* MatchupView.swift in Sources */ = {isa = PBXBuildFile; fileRef = A5048C3029D7B8D100F63E94 /* MatchupView.swift */; };
		A5CF9FB829DB61C700432079 /* CenterView.swift in Sources */ = {isa = PBXBuildFile; fileRef = A5048C1C29D6C16600F63E94 /* CenterView.swift */; };
		A5CF9FB929DB61CA00432079 /* topLevelView.swift in Sources */ = {isa = PBXBuildFile; fileRef = A5048C1A29D6ACA000F63E94 /* topLevelView.swift */; };
		A5CF9FBA29DB61CC00432079 /* RosterView.swift in Sources */ = {isa = PBXBuildFile; fileRef = A51D633729DABE72002DE5B7 /* RosterView.swift */; };
		A5CF9FBB29DB61D000432079 /* MainViewModel.swift in Sources */ = {isa = PBXBuildFile; fileRef = A51D633529DA9FCD002DE5B7 /* MainViewModel.swift */; };
		A5CF9FBC29DB61D100432079 /* MainViewModel.swift in Sources */ = {isa = PBXBuildFile; fileRef = A51D633529DA9FCD002DE5B7 /* MainViewModel.swift */; };
		A5CF9FBE29DB61FD00432079 /* RosterTest.swift in Sources */ = {isa = PBXBuildFile; fileRef = A5CF9FBD29DB61FD00432079 /* RosterTest.swift */; };
		A5CF9FC029DB637900432079 /* TestStatView.swift in Sources */ = {isa = PBXBuildFile; fileRef = A5048C2729D7A80400F63E94 /* TestStatView.swift */; };
		A5CF9FC229DB664100432079 /* PlayerTests.swift in Sources */ = {isa = PBXBuildFile; fileRef = A5CF9FC129DB664100432079 /* PlayerTests.swift */; };
		A5CF9FC429DB677300432079 /* PositionTests.swift in Sources */ = {isa = PBXBuildFile; fileRef = A5CF9FC329DB677300432079 /* PositionTests.swift */; };
		A5CF9FC629DB678000432079 /* TeamTests.swift in Sources */ = {isa = PBXBuildFile; fileRef = A5CF9FC529DB678000432079 /* TeamTests.swift */; };
		A5CF9FCB29DBD3F700432079 /* CreatePlayer.swift in Sources */ = {isa = PBXBuildFile; fileRef = A5CF9FCA29DBD3F700432079 /* CreatePlayer.swift */; };
		A5CF9FCC29DBD3F700432079 /* CreatePlayer.swift in Sources */ = {isa = PBXBuildFile; fileRef = A5CF9FCA29DBD3F700432079 /* CreatePlayer.swift */; };
		A5CF9FCF29DD4ADA00432079 /* DataRequester.swift in Sources */ = {isa = PBXBuildFile; fileRef = A5CF9FCE29DD4ADA00432079 /* DataRequester.swift */; };
		A5CF9FD029DD4AE100432079 /* DataRequester.swift in Sources */ = {isa = PBXBuildFile; fileRef = A5CF9FCE29DD4ADA00432079 /* DataRequester.swift */; };
		A5CF9FD129DD4AE100432079 /* DataRequester.swift in Sources */ = {isa = PBXBuildFile; fileRef = A5CF9FCE29DD4ADA00432079 /* DataRequester.swift */; };
/* End PBXBuildFile section */

/* Begin PBXContainerItemProxy section */
		A519180729D6892E00410DB3 /* PBXContainerItemProxy */ = {
			isa = PBXContainerItemProxy;
			containerPortal = A51917ED29D6892D00410DB3 /* Project object */;
			proxyType = 1;
			remoteGlobalIDString = A51917F429D6892D00410DB3;
			remoteInfo = "Fantasy-Baseball-Assistant";
		};
		A519181129D6892E00410DB3 /* PBXContainerItemProxy */ = {
			isa = PBXContainerItemProxy;
			containerPortal = A51917ED29D6892D00410DB3 /* Project object */;
			proxyType = 1;
			remoteGlobalIDString = A51917F429D6892D00410DB3;
			remoteInfo = "Fantasy-Baseball-Assistant";
		};
/* End PBXContainerItemProxy section */

/* Begin PBXFileReference section */
		A5048C0829D6A48F00F63E94 /* PlayerPosition.swift */ = {isa = PBXFileReference; lastKnownFileType = sourcecode.swift; path = PlayerPosition.swift; sourceTree = "<group>"; };
		A5048C0A29D6A5EF00F63E94 /* Team.swift */ = {isa = PBXFileReference; lastKnownFileType = sourcecode.swift; path = Team.swift; sourceTree = "<group>"; };
		A5048C0C29D6A76B00F63E94 /* BaseStats.swift */ = {isa = PBXFileReference; lastKnownFileType = sourcecode.swift; path = BaseStats.swift; sourceTree = "<group>"; };
		A5048C0E29D6A78100F63E94 /* FielderStats.swift */ = {isa = PBXFileReference; lastKnownFileType = sourcecode.swift; path = FielderStats.swift; sourceTree = "<group>"; };
		A5048C1029D6A7D500F63E94 /* PitcherStats.swift */ = {isa = PBXFileReference; lastKnownFileType = sourcecode.swift; path = PitcherStats.swift; sourceTree = "<group>"; };
		A5048C1229D6A81D00F63E94 /* Stats.swift */ = {isa = PBXFileReference; lastKnownFileType = sourcecode.swift; path = Stats.swift; sourceTree = "<group>"; };
		A5048C1429D6A8FD00F63E94 /* Roster.swift */ = {isa = PBXFileReference; lastKnownFileType = sourcecode.swift; path = Roster.swift; sourceTree = "<group>"; };
		A5048C1629D6A91500F63E94 /* Player.swift */ = {isa = PBXFileReference; lastKnownFileType = sourcecode.swift; path = Player.swift; sourceTree = "<group>"; };
		A5048C1A29D6ACA000F63E94 /* topLevelView.swift */ = {isa = PBXFileReference; lastKnownFileType = sourcecode.swift; path = topLevelView.swift; sourceTree = "<group>"; };
		A5048C1C29D6C16600F63E94 /* CenterView.swift */ = {isa = PBXFileReference; lastKnownFileType = sourcecode.swift; path = CenterView.swift; sourceTree = "<group>"; };
		A5048C2129D7A46100F63E94 /* PlayerSummaryView.swift */ = {isa = PBXFileReference; lastKnownFileType = sourcecode.swift; path = PlayerSummaryView.swift; sourceTree = "<group>"; };
		A5048C2329D7A49E00F63E94 /* StatSummaryView.swift */ = {isa = PBXFileReference; lastKnownFileType = sourcecode.swift; path = StatSummaryView.swift; sourceTree = "<group>"; };
		A5048C2529D7A4CE00F63E94 /* PlayerInfoView.swift */ = {isa = PBXFileReference; lastKnownFileType = sourcecode.swift; path = PlayerInfoView.swift; sourceTree = "<group>"; };
		A5048C2729D7A80400F63E94 /* TestStatView.swift */ = {isa = PBXFileReference; lastKnownFileType = sourcecode.swift; path = TestStatView.swift; sourceTree = "<group>"; };
		A5048C2929D7B24500F63E94 /* PitcherStatSummaryView.swift */ = {isa = PBXFileReference; lastKnownFileType = sourcecode.swift; path = PitcherStatSummaryView.swift; sourceTree = "<group>"; };
		A5048C2B29D7B25300F63E94 /* HitterStatSummaryView.swift */ = {isa = PBXFileReference; lastKnownFileType = sourcecode.swift; path = HitterStatSummaryView.swift; sourceTree = "<group>"; };
		A5048C3029D7B8D100F63E94 /* MatchupView.swift */ = {isa = PBXFileReference; lastKnownFileType = sourcecode.swift; path = MatchupView.swift; sourceTree = "<group>"; };
		A51917F529D6892D00410DB3 /* Fantasy-Baseball-Assistant.app */ = {isa = PBXFileReference; explicitFileType = wrapper.application; includeInIndex = 0; path = "Fantasy-Baseball-Assistant.app"; sourceTree = BUILT_PRODUCTS_DIR; };
		A51917F829D6892D00410DB3 /* Fantasy_Baseball_AssistantApp.swift */ = {isa = PBXFileReference; lastKnownFileType = sourcecode.swift; path = Fantasy_Baseball_AssistantApp.swift; sourceTree = "<group>"; };
		A51917FA29D6892D00410DB3 /* ContentView.swift */ = {isa = PBXFileReference; lastKnownFileType = sourcecode.swift; path = ContentView.swift; sourceTree = "<group>"; };
		A51917FC29D6892E00410DB3 /* Assets.xcassets */ = {isa = PBXFileReference; lastKnownFileType = folder.assetcatalog; path = Assets.xcassets; sourceTree = "<group>"; };
		A51917FF29D6892E00410DB3 /* Preview Assets.xcassets */ = {isa = PBXFileReference; lastKnownFileType = folder.assetcatalog; path = "Preview Assets.xcassets"; sourceTree = "<group>"; };
		A519180129D6892E00410DB3 /* Fantasy_Baseball_Assistant.entitlements */ = {isa = PBXFileReference; lastKnownFileType = text.plist.entitlements; path = Fantasy_Baseball_Assistant.entitlements; sourceTree = "<group>"; };
		A519180629D6892E00410DB3 /* Fantasy-Baseball-AssistantTests.xctest */ = {isa = PBXFileReference; explicitFileType = wrapper.cfbundle; includeInIndex = 0; path = "Fantasy-Baseball-AssistantTests.xctest"; sourceTree = BUILT_PRODUCTS_DIR; };
		A519181029D6892E00410DB3 /* Fantasy-Baseball-AssistantUITests.xctest */ = {isa = PBXFileReference; explicitFileType = wrapper.cfbundle; includeInIndex = 0; path = "Fantasy-Baseball-AssistantUITests.xctest"; sourceTree = BUILT_PRODUCTS_DIR; };
		A519181429D6892E00410DB3 /* Fantasy_Baseball_AssistantUITests.swift */ = {isa = PBXFileReference; lastKnownFileType = sourcecode.swift; path = Fantasy_Baseball_AssistantUITests.swift; sourceTree = "<group>"; };
		A519181629D6892E00410DB3 /* Fantasy_Baseball_AssistantUITestsLaunchTests.swift */ = {isa = PBXFileReference; lastKnownFileType = sourcecode.swift; path = Fantasy_Baseball_AssistantUITestsLaunchTests.swift; sourceTree = "<group>"; };
		A51D633529DA9FCD002DE5B7 /* MainViewModel.swift */ = {isa = PBXFileReference; lastKnownFileType = sourcecode.swift; name = MainViewModel.swift; path = "Fantasy-Baseball-Assistant/View Models/MainViewModel.swift"; sourceTree = SOURCE_ROOT; };
		A51D633729DABE72002DE5B7 /* RosterView.swift */ = {isa = PBXFileReference; lastKnownFileType = sourcecode.swift; path = RosterView.swift; sourceTree = "<group>"; };
		A5CF9FBD29DB61FD00432079 /* RosterTest.swift */ = {isa = PBXFileReference; lastKnownFileType = sourcecode.swift; path = RosterTest.swift; sourceTree = "<group>"; };
		A5CF9FC129DB664100432079 /* PlayerTests.swift */ = {isa = PBXFileReference; lastKnownFileType = sourcecode.swift; path = PlayerTests.swift; sourceTree = "<group>"; };
		A5CF9FC329DB677300432079 /* PositionTests.swift */ = {isa = PBXFileReference; lastKnownFileType = sourcecode.swift; path = PositionTests.swift; sourceTree = "<group>"; };
		A5CF9FC529DB678000432079 /* TeamTests.swift */ = {isa = PBXFileReference; lastKnownFileType = sourcecode.swift; path = TeamTests.swift; sourceTree = "<group>"; };
		A5CF9FC729DB691400432079 /* UnitTest.xctestplan */ = {isa = PBXFileReference; lastKnownFileType = text; path = UnitTest.xctestplan; sourceTree = "<group>"; };
		A5CF9FCA29DBD3F700432079 /* CreatePlayer.swift */ = {isa = PBXFileReference; lastKnownFileType = sourcecode.swift; path = CreatePlayer.swift; sourceTree = "<group>"; };
		A5CF9FCE29DD4ADA00432079 /* DataRequester.swift */ = {isa = PBXFileReference; lastKnownFileType = sourcecode.swift; path = DataRequester.swift; sourceTree = "<group>"; };
/* End PBXFileReference section */

/* Begin PBXFrameworksBuildPhase section */
		A51917F229D6892D00410DB3 /* Frameworks */ = {
			isa = PBXFrameworksBuildPhase;
			buildActionMask = 2147483647;
			files = (
			);
			runOnlyForDeploymentPostprocessing = 0;
		};
		A519180329D6892E00410DB3 /* Frameworks */ = {
			isa = PBXFrameworksBuildPhase;
			buildActionMask = 2147483647;
			files = (
			);
			runOnlyForDeploymentPostprocessing = 0;
		};
		A519180D29D6892E00410DB3 /* Frameworks */ = {
			isa = PBXFrameworksBuildPhase;
			buildActionMask = 2147483647;
			files = (
			);
			runOnlyForDeploymentPostprocessing = 0;
		};
/* End PBXFrameworksBuildPhase section */

/* Begin PBXGroup section */
		A5048C0729D6A46500F63E94 /* Data Models */ = {
			isa = PBXGroup;
			children = (
				A5048C0829D6A48F00F63E94 /* PlayerPosition.swift */,
				A5048C0A29D6A5EF00F63E94 /* Team.swift */,
				A5048C0C29D6A76B00F63E94 /* BaseStats.swift */,
				A5048C0E29D6A78100F63E94 /* FielderStats.swift */,
				A5048C1029D6A7D500F63E94 /* PitcherStats.swift */,
				A5048C1229D6A81D00F63E94 /* Stats.swift */,
				A5048C1429D6A8FD00F63E94 /* Roster.swift */,
				A5048C1629D6A91500F63E94 /* Player.swift */,
			);
			path = "Data Models";
			sourceTree = "<group>";
		};
		A5048C1829D6A9A100F63E94 /* View Models */ = {
			isa = PBXGroup;
			children = (
				A51D633529DA9FCD002DE5B7 /* MainViewModel.swift */,
			);
			path = "View Models";
			sourceTree = "<group>";
		};
		A5048C1929D6A9BE00F63E94 /* Views */ = {
			isa = PBXGroup;
			children = (
				A5048C2D29D7B25E00F63E94 /* Player Summary */,
				A5048C2F29D7B29D00F63E94 /* Statistics */,
				A5048C1C29D6C16600F63E94 /* CenterView.swift */,
				A5048C1A29D6ACA000F63E94 /* topLevelView.swift */,
				A51D633729DABE72002DE5B7 /* RosterView.swift */,
				A5CF9FCA29DBD3F700432079 /* CreatePlayer.swift */,
			);
			path = Views;
			sourceTree = "<group>";
		};
		A5048C2D29D7B25E00F63E94 /* Player Summary */ = {
			isa = PBXGroup;
			children = (
				A5048C2529D7A4CE00F63E94 /* PlayerInfoView.swift */,
				A5048C2129D7A46100F63E94 /* PlayerSummaryView.swift */,
				A5048C2E29D7B28000F63E94 /* Stat Summary */,
				A5048C3029D7B8D100F63E94 /* MatchupView.swift */,
			);
			path = "Player Summary";
			sourceTree = "<group>";
		};
		A5048C2E29D7B28000F63E94 /* Stat Summary */ = {
			isa = PBXGroup;
			children = (
				A5048C2B29D7B25300F63E94 /* HitterStatSummaryView.swift */,
				A5048C2929D7B24500F63E94 /* PitcherStatSummaryView.swift */,
				A5048C2329D7A49E00F63E94 /* StatSummaryView.swift */,
			);
			path = "Stat Summary";
			sourceTree = "<group>";
		};
		A5048C2F29D7B29D00F63E94 /* Statistics */ = {
			isa = PBXGroup;
			children = (
				A5048C2729D7A80400F63E94 /* TestStatView.swift */,
			);
			path = Statistics;
			sourceTree = "<group>";
		};
		A51917EC29D6892D00410DB3 = {
			isa = PBXGroup;
			children = (
				A5CF9FC729DB691400432079 /* UnitTest.xctestplan */,
				A51917F729D6892D00410DB3 /* Fantasy-Baseball-Assistant */,
				A519180929D6892E00410DB3 /* Fantasy-Baseball-AssistantTests */,
				A519181329D6892E00410DB3 /* Fantasy-Baseball-AssistantUITests */,
				A51917F629D6892D00410DB3 /* Products */,
			);
			sourceTree = "<group>";
		};
		A51917F629D6892D00410DB3 /* Products */ = {
			isa = PBXGroup;
			children = (
				A51917F529D6892D00410DB3 /* Fantasy-Baseball-Assistant.app */,
				A519180629D6892E00410DB3 /* Fantasy-Baseball-AssistantTests.xctest */,
				A519181029D6892E00410DB3 /* Fantasy-Baseball-AssistantUITests.xctest */,
			);
			name = Products;
			sourceTree = "<group>";
		};
		A51917F729D6892D00410DB3 /* Fantasy-Baseball-Assistant */ = {
			isa = PBXGroup;
			children = (
				A5CF9FCD29DD4AC400432079 /* Data Fetching */,
				A5048C0729D6A46500F63E94 /* Data Models */,
				A5048C1929D6A9BE00F63E94 /* Views */,
				A5048C1829D6A9A100F63E94 /* View Models */,
				A51917F829D6892D00410DB3 /* Fantasy_Baseball_AssistantApp.swift */,
				A51917FA29D6892D00410DB3 /* ContentView.swift */,
				A51917FC29D6892E00410DB3 /* Assets.xcassets */,
				A519180129D6892E00410DB3 /* Fantasy_Baseball_Assistant.entitlements */,
				A51917FE29D6892E00410DB3 /* Preview Content */,
			);
			path = "Fantasy-Baseball-Assistant";
			sourceTree = "<group>";
		};
		A51917FE29D6892E00410DB3 /* Preview Content */ = {
			isa = PBXGroup;
			children = (
				A51917FF29D6892E00410DB3 /* Preview Assets.xcassets */,
			);
			path = "Preview Content";
			sourceTree = "<group>";
		};
		A519180929D6892E00410DB3 /* Fantasy-Baseball-AssistantTests */ = {
			isa = PBXGroup;
			children = (
				A5CF9FBF29DB621500432079 /* Data Model Unit Tests */,
			);
			path = "Fantasy-Baseball-AssistantTests";
			sourceTree = "<group>";
		};
		A519181329D6892E00410DB3 /* Fantasy-Baseball-AssistantUITests */ = {
			isa = PBXGroup;
			children = (
				A519181429D6892E00410DB3 /* Fantasy_Baseball_AssistantUITests.swift */,
				A519181629D6892E00410DB3 /* Fantasy_Baseball_AssistantUITestsLaunchTests.swift */,
			);
			path = "Fantasy-Baseball-AssistantUITests";
			sourceTree = "<group>";
		};
		A5CF9FBF29DB621500432079 /* Data Model Unit Tests */ = {
			isa = PBXGroup;
			children = (
				A5CF9FBD29DB61FD00432079 /* RosterTest.swift */,
				A5CF9FC129DB664100432079 /* PlayerTests.swift */,
				A5CF9FC329DB677300432079 /* PositionTests.swift */,
				A5CF9FC529DB678000432079 /* TeamTests.swift */,
			);
			path = "Data Model Unit Tests";
			sourceTree = "<group>";
		};
		A5CF9FCD29DD4AC400432079 /* Data Fetching */ = {
			isa = PBXGroup;
			children = (
				A5CF9FCE29DD4ADA00432079 /* DataRequester.swift */,
			);
			path = "Data Fetching";
			sourceTree = "<group>";
		};
/* End PBXGroup section */

/* Begin PBXNativeTarget section */
		A51917F429D6892D00410DB3 /* Fantasy-Baseball-Assistant */ = {
			isa = PBXNativeTarget;
			buildConfigurationList = A519181A29D6892E00410DB3 /* Build configuration list for PBXNativeTarget "Fantasy-Baseball-Assistant" */;
			buildPhases = (
				A51917F129D6892D00410DB3 /* Sources */,
				A51917F229D6892D00410DB3 /* Frameworks */,
				A51917F329D6892D00410DB3 /* Resources */,
			);
			buildRules = (
			);
			dependencies = (
			);
			name = "Fantasy-Baseball-Assistant";
			productName = "Fantasy-Baseball-Assistant";
			productReference = A51917F529D6892D00410DB3 /* Fantasy-Baseball-Assistant.app */;
			productType = "com.apple.product-type.application";
		};
		A519180529D6892E00410DB3 /* Fantasy-Baseball-AssistantTests */ = {
			isa = PBXNativeTarget;
			buildConfigurationList = A519181D29D6892E00410DB3 /* Build configuration list for PBXNativeTarget "Fantasy-Baseball-AssistantTests" */;
			buildPhases = (
				A519180229D6892E00410DB3 /* Sources */,
				A519180329D6892E00410DB3 /* Frameworks */,
				A519180429D6892E00410DB3 /* Resources */,
			);
			buildRules = (
			);
			dependencies = (
				A519180829D6892E00410DB3 /* PBXTargetDependency */,
			);
			name = "Fantasy-Baseball-AssistantTests";
			productName = "Fantasy-Baseball-AssistantTests";
			productReference = A519180629D6892E00410DB3 /* Fantasy-Baseball-AssistantTests.xctest */;
			productType = "com.apple.product-type.bundle.unit-test";
		};
		A519180F29D6892E00410DB3 /* Fantasy-Baseball-AssistantUITests */ = {
			isa = PBXNativeTarget;
			buildConfigurationList = A519182029D6892E00410DB3 /* Build configuration list for PBXNativeTarget "Fantasy-Baseball-AssistantUITests" */;
			buildPhases = (
				A519180C29D6892E00410DB3 /* Sources */,
				A519180D29D6892E00410DB3 /* Frameworks */,
				A519180E29D6892E00410DB3 /* Resources */,
			);
			buildRules = (
			);
			dependencies = (
				A519181229D6892E00410DB3 /* PBXTargetDependency */,
			);
			name = "Fantasy-Baseball-AssistantUITests";
			productName = "Fantasy-Baseball-AssistantUITests";
			productReference = A519181029D6892E00410DB3 /* Fantasy-Baseball-AssistantUITests.xctest */;
			productType = "com.apple.product-type.bundle.ui-testing";
		};
/* End PBXNativeTarget section */

/* Begin PBXProject section */
		A51917ED29D6892D00410DB3 /* Project object */ = {
			isa = PBXProject;
			attributes = {
				BuildIndependentTargetsInParallel = 1;
				LastSwiftUpdateCheck = 1420;
				LastUpgradeCheck = 1420;
				TargetAttributes = {
					A51917F429D6892D00410DB3 = {
						CreatedOnToolsVersion = 14.2;
					};
					A519180529D6892E00410DB3 = {
						CreatedOnToolsVersion = 14.2;
						TestTargetID = A51917F429D6892D00410DB3;
					};
					A519180F29D6892E00410DB3 = {
						CreatedOnToolsVersion = 14.2;
						TestTargetID = A51917F429D6892D00410DB3;
					};
				};
			};
			buildConfigurationList = A51917F029D6892D00410DB3 /* Build configuration list for PBXProject "Fantasy-Baseball-Assistant" */;
			compatibilityVersion = "Xcode 14.0";
			developmentRegion = en;
			hasScannedForEncodings = 0;
			knownRegions = (
				en,
				Base,
			);
			mainGroup = A51917EC29D6892D00410DB3;
			productRefGroup = A51917F629D6892D00410DB3 /* Products */;
			projectDirPath = "";
			projectRoot = "";
			targets = (
				A51917F429D6892D00410DB3 /* Fantasy-Baseball-Assistant */,
				A519180529D6892E00410DB3 /* Fantasy-Baseball-AssistantTests */,
				A519180F29D6892E00410DB3 /* Fantasy-Baseball-AssistantUITests */,
			);
		};
/* End PBXProject section */

/* Begin PBXResourcesBuildPhase section */
		A51917F329D6892D00410DB3 /* Resources */ = {
			isa = PBXResourcesBuildPhase;
			buildActionMask = 2147483647;
			files = (
				A519180029D6892E00410DB3 /* Preview Assets.xcassets in Resources */,
				A51917FD29D6892E00410DB3 /* Assets.xcassets in Resources */,
			);
			runOnlyForDeploymentPostprocessing = 0;
		};
		A519180429D6892E00410DB3 /* Resources */ = {
			isa = PBXResourcesBuildPhase;
			buildActionMask = 2147483647;
			files = (
			);
			runOnlyForDeploymentPostprocessing = 0;
		};
		A519180E29D6892E00410DB3 /* Resources */ = {
			isa = PBXResourcesBuildPhase;
			buildActionMask = 2147483647;
			files = (
			);
			runOnlyForDeploymentPostprocessing = 0;
		};
/* End PBXResourcesBuildPhase section */

/* Begin PBXSourcesBuildPhase section */
		A51917F129D6892D00410DB3 /* Sources */ = {
			isa = PBXSourcesBuildPhase;
			buildActionMask = 2147483647;
			files = (
				A5CF9FCB29DBD3F700432079 /* CreatePlayer.swift in Sources */,
				A5048C3129D7B8D100F63E94 /* MatchupView.swift in Sources */,
				A5048C0B29D6A5EF00F63E94 /* Team.swift in Sources */,
				A5048C0F29D6A78100F63E94 /* FielderStats.swift in Sources */,
				A5048C2229D7A46100F63E94 /* PlayerSummaryView.swift in Sources */,
				A5048C1B29D6ACA000F63E94 /* topLevelView.swift in Sources */,
				A5048C2829D7A80400F63E94 /* TestStatView.swift in Sources */,
				A51917FB29D6892D00410DB3 /* ContentView.swift in Sources */,
				A5048C0929D6A48F00F63E94 /* PlayerPosition.swift in Sources */,
				A51917F929D6892D00410DB3 /* Fantasy_Baseball_AssistantApp.swift in Sources */,
				A5048C1329D6A81D00F63E94 /* Stats.swift in Sources */,
				A5048C2C29D7B25300F63E94 /* HitterStatSummaryView.swift in Sources */,
				A5048C1D29D6C16600F63E94 /* CenterView.swift in Sources */,
				A5048C2429D7A49E00F63E94 /* StatSummaryView.swift in Sources */,
				A5048C0D29D6A76B00F63E94 /* BaseStats.swift in Sources */,
				A5048C1129D6A7D500F63E94 /* PitcherStats.swift in Sources */,
				A51D633629DA9FCD002DE5B7 /* MainViewModel.swift in Sources */,
				A5048C2A29D7B24500F63E94 /* PitcherStatSummaryView.swift in Sources */,
				A5CF9FCF29DD4ADA00432079 /* DataRequester.swift in Sources */,
				A5048C2629D7A4CE00F63E94 /* PlayerInfoView.swift in Sources */,
				A51D633829DABE72002DE5B7 /* RosterView.swift in Sources */,
				A5048C1729D6A91500F63E94 /* Player.swift in Sources */,
				A5048C1529D6A8FD00F63E94 /* Roster.swift in Sources */,
			);
			runOnlyForDeploymentPostprocessing = 0;
		};
		A519180229D6892E00410DB3 /* Sources */ = {
			isa = PBXSourcesBuildPhase;
			buildActionMask = 2147483647;
			files = (
				A5CF9FA429DB614E00432079 /* Team.swift in Sources */,
				A5CF9FAC29DB615D00432079 /* Stats.swift in Sources */,
				A5CF9FA229DB614A00432079 /* PlayerPosition.swift in Sources */,
				A5CF9FB029DB616400432079 /* Player.swift in Sources */,
				A5CF9FBB29DB61D000432079 /* MainViewModel.swift in Sources */,
				A5CF9FA629DB615200432079 /* BaseStats.swift in Sources */,
				A5CF9FC429DB677300432079 /* PositionTests.swift in Sources */,
				A5CF9FBE29DB61FD00432079 /* RosterTest.swift in Sources */,
				A5CF9FD029DD4AE100432079 /* DataRequester.swift in Sources */,
				A5CF9FAE29DB616000432079 /* Roster.swift in Sources */,
				A5CF9FC229DB664100432079 /* PlayerTests.swift in Sources */,
				A5CF9FA829DB615600432079 /* FielderStats.swift in Sources */,
				A5CF9FAA29DB615900432079 /* PitcherStats.swift in Sources */,
				A5CF9FC629DB678000432079 /* TeamTests.swift in Sources */,
			);
			runOnlyForDeploymentPostprocessing = 0;
		};
		A519180C29D6892E00410DB3 /* Sources */ = {
			isa = PBXSourcesBuildPhase;
			buildActionMask = 2147483647;
			files = (
				A5CF9FCC29DBD3F700432079 /* CreatePlayer.swift in Sources */,
				A5CF9FA529DB614F00432079 /* Team.swift in Sources */,
				A5CF9FB929DB61CA00432079 /* topLevelView.swift in Sources */,
				A5CF9FA929DB615700432079 /* FielderStats.swift in Sources */,
				A519181729D6892E00410DB3 /* Fantasy_Baseball_AssistantUITestsLaunchTests.swift in Sources */,
				A5CF9FC029DB637900432079 /* TestStatView.swift in Sources */,
				A5CF9FA329DB614B00432079 /* PlayerPosition.swift in Sources */,
				A5CF9FB229DB61B600432079 /* PlayerInfoView.swift in Sources */,
				A5CF9FB529DB61BF00432079 /* PitcherStatSummaryView.swift in Sources */,
				A519181529D6892E00410DB3 /* Fantasy_Baseball_AssistantUITests.swift in Sources */,
				A5CF9FB829DB61C700432079 /* CenterView.swift in Sources */,
				A5CF9FAD29DB615D00432079 /* Stats.swift in Sources */,
				A5CF9FBA29DB61CC00432079 /* RosterView.swift in Sources */,
				A5CF9FA729DB615300432079 /* BaseStats.swift in Sources */,
				A5CF9FB729DB61C400432079 /* MatchupView.swift in Sources */,
				A5CF9FB429DB61BC00432079 /* HitterStatSummaryView.swift in Sources */,
				A5CF9FB329DB61B900432079 /* PlayerSummaryView.swift in Sources */,
				A5CF9FBC29DB61D100432079 /* MainViewModel.swift in Sources */,
				A5CF9FD129DD4AE100432079 /* DataRequester.swift in Sources */,
				A5CF9FAB29DB615A00432079 /* PitcherStats.swift in Sources */,
				A5CF9FB129DB616400432079 /* Player.swift in Sources */,
				A5CF9FAF29DB616100432079 /* Roster.swift in Sources */,
				A5CF9FB629DB61C100432079 /* StatSummaryView.swift in Sources */,
			);
			runOnlyForDeploymentPostprocessing = 0;
		};
/* End PBXSourcesBuildPhase section */

/* Begin PBXTargetDependency section */
		A519180829D6892E00410DB3 /* PBXTargetDependency */ = {
			isa = PBXTargetDependency;
			target = A51917F429D6892D00410DB3 /* Fantasy-Baseball-Assistant */;
			targetProxy = A519180729D6892E00410DB3 /* PBXContainerItemProxy */;
		};
		A519181229D6892E00410DB3 /* PBXTargetDependency */ = {
			isa = PBXTargetDependency;
			target = A51917F429D6892D00410DB3 /* Fantasy-Baseball-Assistant */;
			targetProxy = A519181129D6892E00410DB3 /* PBXContainerItemProxy */;
		};
/* End PBXTargetDependency section */

/* Begin XCBuildConfiguration section */
		A519181829D6892E00410DB3 /* Debug */ = {
			isa = XCBuildConfiguration;
			buildSettings = {
				ALWAYS_SEARCH_USER_PATHS = NO;
				CLANG_ANALYZER_NONNULL = YES;
				CLANG_ANALYZER_NUMBER_OBJECT_CONVERSION = YES_AGGRESSIVE;
				CLANG_CXX_LANGUAGE_STANDARD = "gnu++20";
				CLANG_ENABLE_MODULES = YES;
				CLANG_ENABLE_OBJC_ARC = YES;
				CLANG_ENABLE_OBJC_WEAK = YES;
				CLANG_WARN_BLOCK_CAPTURE_AUTORELEASING = YES;
				CLANG_WARN_BOOL_CONVERSION = YES;
				CLANG_WARN_COMMA = YES;
				CLANG_WARN_CONSTANT_CONVERSION = YES;
				CLANG_WARN_DEPRECATED_OBJC_IMPLEMENTATIONS = YES;
				CLANG_WARN_DIRECT_OBJC_ISA_USAGE = YES_ERROR;
				CLANG_WARN_DOCUMENTATION_COMMENTS = YES;
				CLANG_WARN_EMPTY_BODY = YES;
				CLANG_WARN_ENUM_CONVERSION = YES;
				CLANG_WARN_INFINITE_RECURSION = YES;
				CLANG_WARN_INT_CONVERSION = YES;
				CLANG_WARN_NON_LITERAL_NULL_CONVERSION = YES;
				CLANG_WARN_OBJC_IMPLICIT_RETAIN_SELF = YES;
				CLANG_WARN_OBJC_LITERAL_CONVERSION = YES;
				CLANG_WARN_OBJC_ROOT_CLASS = YES_ERROR;
				CLANG_WARN_QUOTED_INCLUDE_IN_FRAMEWORK_HEADER = YES;
				CLANG_WARN_RANGE_LOOP_ANALYSIS = YES;
				CLANG_WARN_STRICT_PROTOTYPES = YES;
				CLANG_WARN_SUSPICIOUS_MOVE = YES;
				CLANG_WARN_UNGUARDED_AVAILABILITY = YES_AGGRESSIVE;
				CLANG_WARN_UNREACHABLE_CODE = YES;
				CLANG_WARN__DUPLICATE_METHOD_MATCH = YES;
				COPY_PHASE_STRIP = NO;
				DEBUG_INFORMATION_FORMAT = dwarf;
				ENABLE_STRICT_OBJC_MSGSEND = YES;
				ENABLE_TESTABILITY = YES;
				GCC_C_LANGUAGE_STANDARD = gnu11;
				GCC_DYNAMIC_NO_PIC = NO;
				GCC_NO_COMMON_BLOCKS = YES;
				GCC_OPTIMIZATION_LEVEL = 0;
				GCC_PREPROCESSOR_DEFINITIONS = (
					"DEBUG=1",
					"$(inherited)",
				);
				GCC_WARN_64_TO_32_BIT_CONVERSION = YES;
				GCC_WARN_ABOUT_RETURN_TYPE = YES_ERROR;
				GCC_WARN_UNDECLARED_SELECTOR = YES;
				GCC_WARN_UNINITIALIZED_AUTOS = YES_AGGRESSIVE;
				GCC_WARN_UNUSED_FUNCTION = YES;
				GCC_WARN_UNUSED_VARIABLE = YES;
				MACOSX_DEPLOYMENT_TARGET = 13.1;
				MTL_ENABLE_DEBUG_INFO = INCLUDE_SOURCE;
				MTL_FAST_MATH = YES;
				ONLY_ACTIVE_ARCH = YES;
				SDKROOT = macosx;
				SWIFT_ACTIVE_COMPILATION_CONDITIONS = DEBUG;
				SWIFT_OPTIMIZATION_LEVEL = "-Onone";
			};
			name = Debug;
		};
		A519181929D6892E00410DB3 /* Release */ = {
			isa = XCBuildConfiguration;
			buildSettings = {
				ALWAYS_SEARCH_USER_PATHS = NO;
				CLANG_ANALYZER_NONNULL = YES;
				CLANG_ANALYZER_NUMBER_OBJECT_CONVERSION = YES_AGGRESSIVE;
				CLANG_CXX_LANGUAGE_STANDARD = "gnu++20";
				CLANG_ENABLE_MODULES = YES;
				CLANG_ENABLE_OBJC_ARC = YES;
				CLANG_ENABLE_OBJC_WEAK = YES;
				CLANG_WARN_BLOCK_CAPTURE_AUTORELEASING = YES;
				CLANG_WARN_BOOL_CONVERSION = YES;
				CLANG_WARN_COMMA = YES;
				CLANG_WARN_CONSTANT_CONVERSION = YES;
				CLANG_WARN_DEPRECATED_OBJC_IMPLEMENTATIONS = YES;
				CLANG_WARN_DIRECT_OBJC_ISA_USAGE = YES_ERROR;
				CLANG_WARN_DOCUMENTATION_COMMENTS = YES;
				CLANG_WARN_EMPTY_BODY = YES;
				CLANG_WARN_ENUM_CONVERSION = YES;
				CLANG_WARN_INFINITE_RECURSION = YES;
				CLANG_WARN_INT_CONVERSION = YES;
				CLANG_WARN_NON_LITERAL_NULL_CONVERSION = YES;
				CLANG_WARN_OBJC_IMPLICIT_RETAIN_SELF = YES;
				CLANG_WARN_OBJC_LITERAL_CONVERSION = YES;
				CLANG_WARN_OBJC_ROOT_CLASS = YES_ERROR;
				CLANG_WARN_QUOTED_INCLUDE_IN_FRAMEWORK_HEADER = YES;
				CLANG_WARN_RANGE_LOOP_ANALYSIS = YES;
				CLANG_WARN_STRICT_PROTOTYPES = YES;
				CLANG_WARN_SUSPICIOUS_MOVE = YES;
				CLANG_WARN_UNGUARDED_AVAILABILITY = YES_AGGRESSIVE;
				CLANG_WARN_UNREACHABLE_CODE = YES;
				CLANG_WARN__DUPLICATE_METHOD_MATCH = YES;
				COPY_PHASE_STRIP = NO;
				DEBUG_INFORMATION_FORMAT = "dwarf-with-dsym";
				ENABLE_NS_ASSERTIONS = NO;
				ENABLE_STRICT_OBJC_MSGSEND = YES;
				GCC_C_LANGUAGE_STANDARD = gnu11;
				GCC_NO_COMMON_BLOCKS = YES;
				GCC_WARN_64_TO_32_BIT_CONVERSION = YES;
				GCC_WARN_ABOUT_RETURN_TYPE = YES_ERROR;
				GCC_WARN_UNDECLARED_SELECTOR = YES;
				GCC_WARN_UNINITIALIZED_AUTOS = YES_AGGRESSIVE;
				GCC_WARN_UNUSED_FUNCTION = YES;
				GCC_WARN_UNUSED_VARIABLE = YES;
				MACOSX_DEPLOYMENT_TARGET = 13.1;
				MTL_ENABLE_DEBUG_INFO = NO;
				MTL_FAST_MATH = YES;
				SDKROOT = macosx;
				SWIFT_COMPILATION_MODE = wholemodule;
				SWIFT_OPTIMIZATION_LEVEL = "-O";
			};
			name = Release;
		};
		A519181B29D6892E00410DB3 /* Debug */ = {
			isa = XCBuildConfiguration;
			buildSettings = {
				ASSETCATALOG_COMPILER_APPICON_NAME = AppIcon;
				ASSETCATALOG_COMPILER_GLOBAL_ACCENT_COLOR_NAME = AccentColor;
				ASSETCATALOG_COMPILER_INCLUDE_ALL_APPICON_ASSETS = YES;
				CODE_SIGN_ENTITLEMENTS = "Fantasy-Baseball-Assistant/Fantasy_Baseball_Assistant.entitlements";
				CODE_SIGN_STYLE = Automatic;
				COMBINE_HIDPI_IMAGES = YES;
				CURRENT_PROJECT_VERSION = 1;
				DEVELOPMENT_ASSET_PATHS = "\"Fantasy-Baseball-Assistant/Preview Content\"";
				ENABLE_PREVIEWS = YES;
				GENERATE_INFOPLIST_FILE = YES;
				INFOPLIST_KEY_NSHumanReadableCopyright = "";
				LD_RUNPATH_SEARCH_PATHS = (
					"$(inherited)",
					"@executable_path/../Frameworks",
				);
				MARKETING_VERSION = 1.0;
				PRODUCT_BUNDLE_IDENTIFIER = "CSCI598.Fantasy-Baseball-Assistant";
				PRODUCT_NAME = "$(TARGET_NAME)";
				SWIFT_EMIT_LOC_STRINGS = YES;
				SWIFT_VERSION = 5.0;
			};
			name = Debug;
		};
		A519181C29D6892E00410DB3 /* Release */ = {
			isa = XCBuildConfiguration;
			buildSettings = {
				ASSETCATALOG_COMPILER_APPICON_NAME = AppIcon;
				ASSETCATALOG_COMPILER_GLOBAL_ACCENT_COLOR_NAME = AccentColor;
				ASSETCATALOG_COMPILER_INCLUDE_ALL_APPICON_ASSETS = YES;
				CODE_SIGN_ENTITLEMENTS = "Fantasy-Baseball-Assistant/Fantasy_Baseball_Assistant.entitlements";
				CODE_SIGN_STYLE = Automatic;
				COMBINE_HIDPI_IMAGES = YES;
				CURRENT_PROJECT_VERSION = 1;
				DEVELOPMENT_ASSET_PATHS = "\"Fantasy-Baseball-Assistant/Preview Content\"";
				ENABLE_PREVIEWS = YES;
				GENERATE_INFOPLIST_FILE = YES;
				INFOPLIST_KEY_NSHumanReadableCopyright = "";
				LD_RUNPATH_SEARCH_PATHS = (
					"$(inherited)",
					"@executable_path/../Frameworks",
				);
				MARKETING_VERSION = 1.0;
				PRODUCT_BUNDLE_IDENTIFIER = "CSCI598.Fantasy-Baseball-Assistant";
				PRODUCT_NAME = "$(TARGET_NAME)";
				SWIFT_EMIT_LOC_STRINGS = YES;
				SWIFT_VERSION = 5.0;
			};
			name = Release;
		};
		A519181E29D6892E00410DB3 /* Debug */ = {
			isa = XCBuildConfiguration;
			buildSettings = {
				ALWAYS_EMBED_SWIFT_STANDARD_LIBRARIES = YES;
				BUNDLE_LOADER = "$(TEST_HOST)";
				CODE_SIGN_STYLE = Automatic;
				CURRENT_PROJECT_VERSION = 1;
				GENERATE_INFOPLIST_FILE = YES;
				MACOSX_DEPLOYMENT_TARGET = 13.1;
				MARKETING_VERSION = 1.0;
				PRODUCT_BUNDLE_IDENTIFIER = "CSCI598.Fantasy-Baseball-AssistantTests";
				PRODUCT_NAME = "$(TARGET_NAME)";
				SWIFT_EMIT_LOC_STRINGS = NO;
				SWIFT_VERSION = 5.0;
				TEST_HOST = "$(BUILT_PRODUCTS_DIR)/Fantasy-Baseball-Assistant.app/$(BUNDLE_EXECUTABLE_FOLDER_PATH)/Fantasy-Baseball-Assistant";
			};
			name = Debug;
		};
		A519181F29D6892E00410DB3 /* Release */ = {
			isa = XCBuildConfiguration;
			buildSettings = {
				ALWAYS_EMBED_SWIFT_STANDARD_LIBRARIES = YES;
				BUNDLE_LOADER = "$(TEST_HOST)";
				CODE_SIGN_STYLE = Automatic;
				CURRENT_PROJECT_VERSION = 1;
				GENERATE_INFOPLIST_FILE = YES;
				MACOSX_DEPLOYMENT_TARGET = 13.1;
				MARKETING_VERSION = 1.0;
				PRODUCT_BUNDLE_IDENTIFIER = "CSCI598.Fantasy-Baseball-AssistantTests";
				PRODUCT_NAME = "$(TARGET_NAME)";
				SWIFT_EMIT_LOC_STRINGS = NO;
				SWIFT_VERSION = 5.0;
				TEST_HOST = "$(BUILT_PRODUCTS_DIR)/Fantasy-Baseball-Assistant.app/$(BUNDLE_EXECUTABLE_FOLDER_PATH)/Fantasy-Baseball-Assistant";
			};
			name = Release;
		};
		A519182129D6892E00410DB3 /* Debug */ = {
			isa = XCBuildConfiguration;
			buildSettings = {
				ALWAYS_EMBED_SWIFT_STANDARD_LIBRARIES = YES;
				CODE_SIGN_STYLE = Automatic;
				CURRENT_PROJECT_VERSION = 1;
				GENERATE_INFOPLIST_FILE = YES;
				MARKETING_VERSION = 1.0;
				PRODUCT_BUNDLE_IDENTIFIER = "CSCI598.Fantasy-Baseball-AssistantUITests";
				PRODUCT_NAME = "$(TARGET_NAME)";
				SWIFT_EMIT_LOC_STRINGS = NO;
				SWIFT_VERSION = 5.0;
				TEST_TARGET_NAME = "Fantasy-Baseball-Assistant";
			};
			name = Debug;
		};
		A519182229D6892E00410DB3 /* Release */ = {
			isa = XCBuildConfiguration;
			buildSettings = {
				ALWAYS_EMBED_SWIFT_STANDARD_LIBRARIES = YES;
				CODE_SIGN_STYLE = Automatic;
				CURRENT_PROJECT_VERSION = 1;
				GENERATE_INFOPLIST_FILE = YES;
				MARKETING_VERSION = 1.0;
				PRODUCT_BUNDLE_IDENTIFIER = "CSCI598.Fantasy-Baseball-AssistantUITests";
				PRODUCT_NAME = "$(TARGET_NAME)";
				SWIFT_EMIT_LOC_STRINGS = NO;
				SWIFT_VERSION = 5.0;
				TEST_TARGET_NAME = "Fantasy-Baseball-Assistant";
			};
			name = Release;
		};
/* End XCBuildConfiguration section */

/* Begin XCConfigurationList section */
		A51917F029D6892D00410DB3 /* Build configuration list for PBXProject "Fantasy-Baseball-Assistant" */ = {
			isa = XCConfigurationList;
			buildConfigurations = (
				A519181829D6892E00410DB3 /* Debug */,
				A519181929D6892E00410DB3 /* Release */,
			);
			defaultConfigurationIsVisible = 0;
			defaultConfigurationName = Release;
		};
		A519181A29D6892E00410DB3 /* Build configuration list for PBXNativeTarget "Fantasy-Baseball-Assistant" */ = {
			isa = XCConfigurationList;
			buildConfigurations = (
				A519181B29D6892E00410DB3 /* Debug */,
				A519181C29D6892E00410DB3 /* Release */,
			);
			defaultConfigurationIsVisible = 0;
			defaultConfigurationName = Release;
		};
		A519181D29D6892E00410DB3 /* Build configuration list for PBXNativeTarget "Fantasy-Baseball-AssistantTests" */ = {
			isa = XCConfigurationList;
			buildConfigurations = (
				A519181E29D6892E00410DB3 /* Debug */,
				A519181F29D6892E00410DB3 /* Release */,
			);
			defaultConfigurationIsVisible = 0;
			defaultConfigurationName = Release;
		};
		A519182029D6892E00410DB3 /* Build configuration list for PBXNativeTarget "Fantasy-Baseball-AssistantUITests" */ = {
			isa = XCConfigurationList;
			buildConfigurations = (
				A519182129D6892E00410DB3 /* Debug */,
				A519182229D6892E00410DB3 /* Release */,
			);
			defaultConfigurationIsVisible = 0;
			defaultConfigurationName = Release;
		};
/* End XCConfigurationList section */
	};
	rootObject = A51917ED29D6892D00410DB3 /* Project object */;
}
